// !$*UTF8*$!
{
	archiveVersion = 1;
	classes = {
	};
	objectVersion = 56;
	objects = {

/* Begin PBXBuildFile section */
		B0D2CA812A56DA70005F32A7 /* AppDelegate.swift in Sources */ = {isa = PBXBuildFile; fileRef = B0D2CA802A56DA70005F32A7 /* AppDelegate.swift */; };
		B0D2CA832A56DA70005F32A7 /* SceneDelegate.swift in Sources */ = {isa = PBXBuildFile; fileRef = B0D2CA822A56DA70005F32A7 /* SceneDelegate.swift */; };
		B0D2CA852A56DA70005F32A7 /* ViewController.swift in Sources */ = {isa = PBXBuildFile; fileRef = B0D2CA842A56DA70005F32A7 /* ViewController.swift */; };
		B0D2CA882A56DA70005F32A7 /* Main.storyboard in Resources */ = {isa = PBXBuildFile; fileRef = B0D2CA862A56DA70005F32A7 /* Main.storyboard */; };
		B0D2CA8A2A56DA71005F32A7 /* Assets.xcassets in Resources */ = {isa = PBXBuildFile; fileRef = B0D2CA892A56DA71005F32A7 /* Assets.xcassets */; };
		B0D2CA8D2A56DA71005F32A7 /* LaunchScreen.storyboard in Resources */ = {isa = PBXBuildFile; fileRef = B0D2CA8B2A56DA71005F32A7 /* LaunchScreen.storyboard */; };
		B0D2CA982A56DA71005F32A7 /* Image_RecognizerTests.swift in Sources */ = {isa = PBXBuildFile; fileRef = B0D2CA972A56DA71005F32A7 /* Image_RecognizerTests.swift */; };
		B0D2CAA22A56DA71005F32A7 /* Image_RecognizerUITests.swift in Sources */ = {isa = PBXBuildFile; fileRef = B0D2CAA12A56DA71005F32A7 /* Image_RecognizerUITests.swift */; };
		B0D2CAA42A56DA71005F32A7 /* Image_RecognizerUITestsLaunchTests.swift in Sources */ = {isa = PBXBuildFile; fileRef = B0D2CAA32A56DA71005F32A7 /* Image_RecognizerUITestsLaunchTests.swift */; };
		B0D2CAB12A56E713005F32A7 /* MobileNetV2.mlmodel in Sources */ = {isa = PBXBuildFile; fileRef = B0D2CAB02A56E713005F32A7 /* MobileNetV2.mlmodel */; };
/* End PBXBuildFile section */

/* Begin PBXContainerItemProxy section */
		B0D2CA942A56DA71005F32A7 /* PBXContainerItemProxy */ = {
			isa = PBXContainerItemProxy;
			containerPortal = B0D2CA752A56DA70005F32A7 /* Project object */;
			proxyType = 1;
			remoteGlobalIDString = B0D2CA7C2A56DA70005F32A7;
			remoteInfo = "Image Recognizer";
		};
		B0D2CA9E2A56DA71005F32A7 /* PBXContainerItemProxy */ = {
			isa = PBXContainerItemProxy;
			containerPortal = B0D2CA752A56DA70005F32A7 /* Project object */;
			proxyType = 1;
			remoteGlobalIDString = B0D2CA7C2A56DA70005F32A7;
			remoteInfo = "Image Recognizer";
		};
/* End PBXContainerItemProxy section */

/* Begin PBXFileReference section */
		B0D2CA7D2A56DA70005F32A7 /* Image Recognizer.app */ = {isa = PBXFileReference; explicitFileType = wrapper.application; includeInIndex = 0; path = "Image Recognizer.app"; sourceTree = BUILT_PRODUCTS_DIR; };
		B0D2CA802A56DA70005F32A7 /* AppDelegate.swift */ = {isa = PBXFileReference; lastKnownFileType = sourcecode.swift; path = AppDelegate.swift; sourceTree = "<group>"; };
		B0D2CA822A56DA70005F32A7 /* SceneDelegate.swift */ = {isa = PBXFileReference; lastKnownFileType = sourcecode.swift; path = SceneDelegate.swift; sourceTree = "<group>"; };
		B0D2CA842A56DA70005F32A7 /* ViewController.swift */ = {isa = PBXFileReference; lastKnownFileType = sourcecode.swift; path = ViewController.swift; sourceTree = "<group>"; };
		B0D2CA872A56DA70005F32A7 /* Base */ = {isa = PBXFileReference; lastKnownFileType = file.storyboard; name = Base; path = Base.lproj/Main.storyboard; sourceTree = "<group>"; };
		B0D2CA892A56DA71005F32A7 /* Assets.xcassets */ = {isa = PBXFileReference; lastKnownFileType = folder.assetcatalog; path = Assets.xcassets; sourceTree = "<group>"; };
		B0D2CA8C2A56DA71005F32A7 /* Base */ = {isa = PBXFileReference; lastKnownFileType = file.storyboard; name = Base; path = Base.lproj/LaunchScreen.storyboard; sourceTree = "<group>"; };
		B0D2CA8E2A56DA71005F32A7 /* Info.plist */ = {isa = PBXFileReference; lastKnownFileType = text.plist.xml; path = Info.plist; sourceTree = "<group>"; };
		B0D2CA932A56DA71005F32A7 /* Image RecognizerTests.xctest */ = {isa = PBXFileReference; explicitFileType = wrapper.cfbundle; includeInIndex = 0; path = "Image RecognizerTests.xctest"; sourceTree = BUILT_PRODUCTS_DIR; };
		B0D2CA972A56DA71005F32A7 /* Image_RecognizerTests.swift */ = {isa = PBXFileReference; lastKnownFileType = sourcecode.swift; path = Image_RecognizerTests.swift; sourceTree = "<group>"; };
		B0D2CA9D2A56DA71005F32A7 /* Image RecognizerUITests.xctest */ = {isa = PBXFileReference; explicitFileType = wrapper.cfbundle; includeInIndex = 0; path = "Image RecognizerUITests.xctest"; sourceTree = BUILT_PRODUCTS_DIR; };
		B0D2CAA12A56DA71005F32A7 /* Image_RecognizerUITests.swift */ = {isa = PBXFileReference; lastKnownFileType = sourcecode.swift; path = Image_RecognizerUITests.swift; sourceTree = "<group>"; };
		B0D2CAA32A56DA71005F32A7 /* Image_RecognizerUITestsLaunchTests.swift */ = {isa = PBXFileReference; lastKnownFileType = sourcecode.swift; path = Image_RecognizerUITestsLaunchTests.swift; sourceTree = "<group>"; };
		B0D2CAB02A56E713005F32A7 /* MobileNetV2.mlmodel */ = {isa = PBXFileReference; lastKnownFileType = file.mlmodel; path = MobileNetV2.mlmodel; sourceTree = "<group>"; };
/* End PBXFileReference section */

/* Begin PBXFrameworksBuildPhase section */
		B0D2CA7A2A56DA70005F32A7 /* Frameworks */ = {
			isa = PBXFrameworksBuildPhase;
			buildActionMask = 2147483647;
			files = (
			);
			runOnlyForDeploymentPostprocessing = 0;
		};
		B0D2CA902A56DA71005F32A7 /* Frameworks */ = {
			isa = PBXFrameworksBuildPhase;
			buildActionMask = 2147483647;
			files = (
			);
			runOnlyForDeploymentPostprocessing = 0;
		};
		B0D2CA9A2A56DA71005F32A7 /* Frameworks */ = {
			isa = PBXFrameworksBuildPhase;
			buildActionMask = 2147483647;
			files = (
			);
			runOnlyForDeploymentPostprocessing = 0;
		};
/* End PBXFrameworksBuildPhase section */

/* Begin PBXGroup section */
		B0D2CA742A56DA70005F32A7 = {
			isa = PBXGroup;
			children = (
				B0D2CA7F2A56DA70005F32A7 /* Image Recognizer */,
				B0D2CA962A56DA71005F32A7 /* Image RecognizerTests */,
				B0D2CAA02A56DA71005F32A7 /* Image RecognizerUITests */,
				B0D2CA7E2A56DA70005F32A7 /* Products */,
			);
			sourceTree = "<group>";
		};
		B0D2CA7E2A56DA70005F32A7 /* Products */ = {
			isa = PBXGroup;
			children = (
				B0D2CA7D2A56DA70005F32A7 /* Image Recognizer.app */,
				B0D2CA932A56DA71005F32A7 /* Image RecognizerTests.xctest */,
				B0D2CA9D2A56DA71005F32A7 /* Image RecognizerUITests.xctest */,
			);
			name = Products;
			sourceTree = "<group>";
		};
		B0D2CA7F2A56DA70005F32A7 /* Image Recognizer */ = {
			isa = PBXGroup;
			children = (
				B0D2CA802A56DA70005F32A7 /* AppDelegate.swift */,
				B0D2CA822A56DA70005F32A7 /* SceneDelegate.swift */,
				B0D2CA842A56DA70005F32A7 /* ViewController.swift */,
				B0D2CA862A56DA70005F32A7 /* Main.storyboard */,
				B0D2CA892A56DA71005F32A7 /* Assets.xcassets */,
				B0D2CA8B2A56DA71005F32A7 /* LaunchScreen.storyboard */,
				B0D2CA8E2A56DA71005F32A7 /* Info.plist */,
				B0D2CAB02A56E713005F32A7 /* MobileNetV2.mlmodel */,
			);
			path = "Image Recognizer";
			sourceTree = "<group>";
		};
		B0D2CA962A56DA71005F32A7 /* Image RecognizerTests */ = {
			isa = PBXGroup;
			children = (
				B0D2CA972A56DA71005F32A7 /* Image_RecognizerTests.swift */,
			);
			path = "Image RecognizerTests";
			sourceTree = "<group>";
		};
		B0D2CAA02A56DA71005F32A7 /* Image RecognizerUITests */ = {
			isa = PBXGroup;
			children = (
				B0D2CAA12A56DA71005F32A7 /* Image_RecognizerUITests.swift */,
				B0D2CAA32A56DA71005F32A7 /* Image_RecognizerUITestsLaunchTests.swift */,
			);
			path = "Image RecognizerUITests";
			sourceTree = "<group>";
		};
/* End PBXGroup section */

/* Begin PBXNativeTarget section */
		B0D2CA7C2A56DA70005F32A7 /* Image Recognizer */ = {
			isa = PBXNativeTarget;
			buildConfigurationList = B0D2CAA72A56DA71005F32A7 /* Build configuration list for PBXNativeTarget "Image Recognizer" */;
			buildPhases = (
				B0D2CA792A56DA70005F32A7 /* Sources */,
				B0D2CA7A2A56DA70005F32A7 /* Frameworks */,
				B0D2CA7B2A56DA70005F32A7 /* Resources */,
			);
			buildRules = (
			);
			dependencies = (
			);
			name = "Image Recognizer";
			productName = "Image Recognizer";
			productReference = B0D2CA7D2A56DA70005F32A7 /* Image Recognizer.app */;
			productType = "com.apple.product-type.application";
		};
		B0D2CA922A56DA71005F32A7 /* Image RecognizerTests */ = {
			isa = PBXNativeTarget;
			buildConfigurationList = B0D2CAAA2A56DA71005F32A7 /* Build configuration list for PBXNativeTarget "Image RecognizerTests" */;
			buildPhases = (
				B0D2CA8F2A56DA71005F32A7 /* Sources */,
				B0D2CA902A56DA71005F32A7 /* Frameworks */,
				B0D2CA912A56DA71005F32A7 /* Resources */,
			);
			buildRules = (
			);
			dependencies = (
				B0D2CA952A56DA71005F32A7 /* PBXTargetDependency */,
			);
			name = "Image RecognizerTests";
			productName = "Image RecognizerTests";
			productReference = B0D2CA932A56DA71005F32A7 /* Image RecognizerTests.xctest */;
			productType = "com.apple.product-type.bundle.unit-test";
		};
		B0D2CA9C2A56DA71005F32A7 /* Image RecognizerUITests */ = {
			isa = PBXNativeTarget;
			buildConfigurationList = B0D2CAAD2A56DA71005F32A7 /* Build configuration list for PBXNativeTarget "Image RecognizerUITests" */;
			buildPhases = (
				B0D2CA992A56DA71005F32A7 /* Sources */,
				B0D2CA9A2A56DA71005F32A7 /* Frameworks */,
				B0D2CA9B2A56DA71005F32A7 /* Resources */,
			);
			buildRules = (
			);
			dependencies = (
				B0D2CA9F2A56DA71005F32A7 /* PBXTargetDependency */,
			);
			name = "Image RecognizerUITests";
			productName = "Image RecognizerUITests";
			productReference = B0D2CA9D2A56DA71005F32A7 /* Image RecognizerUITests.xctest */;
			productType = "com.apple.product-type.bundle.ui-testing";
		};
/* End PBXNativeTarget section */

/* Begin PBXProject section */
		B0D2CA752A56DA70005F32A7 /* Project object */ = {
			isa = PBXProject;
			attributes = {
				BuildIndependentTargetsInParallel = 1;
				LastSwiftUpdateCheck = 1420;
				LastUpgradeCheck = 1420;
				TargetAttributes = {
					B0D2CA7C2A56DA70005F32A7 = {
						CreatedOnToolsVersion = 14.2;
					};
					B0D2CA922A56DA71005F32A7 = {
						CreatedOnToolsVersion = 14.2;
						TestTargetID = B0D2CA7C2A56DA70005F32A7;
					};
					B0D2CA9C2A56DA71005F32A7 = {
						CreatedOnToolsVersion = 14.2;
						TestTargetID = B0D2CA7C2A56DA70005F32A7;
					};
				};
			};
			buildConfigurationList = B0D2CA782A56DA70005F32A7 /* Build configuration list for PBXProject "Image Recognizer" */;
			compatibilityVersion = "Xcode 14.0";
			developmentRegion = en;
			hasScannedForEncodings = 0;
			knownRegions = (
				en,
				Base,
			);
			mainGroup = B0D2CA742A56DA70005F32A7;
			productRefGroup = B0D2CA7E2A56DA70005F32A7 /* Products */;
			projectDirPath = "";
			projectRoot = "";
			targets = (
				B0D2CA7C2A56DA70005F32A7 /* Image Recognizer */,
				B0D2CA922A56DA71005F32A7 /* Image RecognizerTests */,
				B0D2CA9C2A56DA71005F32A7 /* Image RecognizerUITests */,
			);
		};
/* End PBXProject section */

/* Begin PBXResourcesBuildPhase section */
		B0D2CA7B2A56DA70005F32A7 /* Resources */ = {
			isa = PBXResourcesBuildPhase;
			buildActionMask = 2147483647;
			files = (
				B0D2CA8D2A56DA71005F32A7 /* LaunchScreen.storyboard in Resources */,
				B0D2CA8A2A56DA71005F32A7 /* Assets.xcassets in Resources */,
				B0D2CA882A56DA70005F32A7 /* Main.storyboard in Resources */,
			);
			runOnlyForDeploymentPostprocessing = 0;
		};
		B0D2CA912A56DA71005F32A7 /* Resources */ = {
			isa = PBXResourcesBuildPhase;
			buildActionMask = 2147483647;
			files = (
			);
			runOnlyForDeploymentPostprocessing = 0;
		};
		B0D2CA9B2A56DA71005F32A7 /* Resources */ = {
			isa = PBXResourcesBuildPhase;
			buildActionMask = 2147483647;
			files = (
			);
			runOnlyForDeploymentPostprocessing = 0;
		};
/* End PBXResourcesBuildPhase section */

/* Begin PBXSourcesBuildPhase section */
		B0D2CA792A56DA70005F32A7 /* Sources */ = {
			isa = PBXSourcesBuildPhase;
			buildActionMask = 2147483647;
			files = (
				B0D2CA852A56DA70005F32A7 /* ViewController.swift in Sources */,
				B0D2CA812A56DA70005F32A7 /* AppDelegate.swift in Sources */,
				B0D2CAB12A56E713005F32A7 /* MobileNetV2.mlmodel in Sources */,
				B0D2CA832A56DA70005F32A7 /* SceneDelegate.swift in Sources */,
			);
			runOnlyForDeploymentPostprocessing = 0;
		};
		B0D2CA8F2A56DA71005F32A7 /* Sources */ = {
			isa = PBXSourcesBuildPhase;
			buildActionMask = 2147483647;
			files = (
				B0D2CA982A56DA71005F32A7 /* Image_RecognizerTests.swift in Sources */,
			);
			runOnlyForDeploymentPostprocessing = 0;
		};
		B0D2CA992A56DA71005F32A7 /* Sources */ = {
			isa = PBXSourcesBuildPhase;
			buildActionMask = 2147483647;
			files = (
				B0D2CAA42A56DA71005F32A7 /* Image_RecognizerUITestsLaunchTests.swift in Sources */,
				B0D2CAA22A56DA71005F32A7 /* Image_RecognizerUITests.swift in Sources */,
			);
			runOnlyForDeploymentPostprocessing = 0;
		};
/* End PBXSourcesBuildPhase section */

/* Begin PBXTargetDependency section */
		B0D2CA952A56DA71005F32A7 /* PBXTargetDependency */ = {
			isa = PBXTargetDependency;
			target = B0D2CA7C2A56DA70005F32A7 /* Image Recognizer */;
			targetProxy = B0D2CA942A56DA71005F32A7 /* PBXContainerItemProxy */;
		};
		B0D2CA9F2A56DA71005F32A7 /* PBXTargetDependency */ = {
			isa = PBXTargetDependency;
			target = B0D2CA7C2A56DA70005F32A7 /* Image Recognizer */;
			targetProxy = B0D2CA9E2A56DA71005F32A7 /* PBXContainerItemProxy */;
		};
/* End PBXTargetDependency section */

/* Begin PBXVariantGroup section */
		B0D2CA862A56DA70005F32A7 /* Main.storyboard */ = {
			isa = PBXVariantGroup;
			children = (
				B0D2CA872A56DA70005F32A7 /* Base */,
			);
			name = Main.storyboard;
			sourceTree = "<group>";
		};
		B0D2CA8B2A56DA71005F32A7 /* LaunchScreen.storyboard */ = {
			isa = PBXVariantGroup;
			children = (
				B0D2CA8C2A56DA71005F32A7 /* Base */,
			);
			name = LaunchScreen.storyboard;
			sourceTree = "<group>";
		};
/* End PBXVariantGroup section */

/* Begin XCBuildConfiguration section */
		B0D2CAA52A56DA71005F32A7 /* Debug */ = {
			isa = XCBuildConfiguration;
			buildSettings = {
				ALWAYS_SEARCH_USER_PATHS = NO;
				CLANG_ANALYZER_NONNULL = YES;
				CLANG_ANALYZER_NUMBER_OBJECT_CONVERSION = YES_AGGRESSIVE;
				CLANG_CXX_LANGUAGE_STANDARD = "gnu++20";
				CLANG_ENABLE_MODULES = YES;
				CLANG_ENABLE_OBJC_ARC = YES;
				CLANG_ENABLE_OBJC_WEAK = YES;
				CLANG_WARN_BLOCK_CAPTURE_AUTORELEASING = YES;
				CLANG_WARN_BOOL_CONVERSION = YES;
				CLANG_WARN_COMMA = YES;
				CLANG_WARN_CONSTANT_CONVERSION = YES;
				CLANG_WARN_DEPRECATED_OBJC_IMPLEMENTATIONS = YES;
				CLANG_WARN_DIRECT_OBJC_ISA_USAGE = YES_ERROR;
				CLANG_WARN_DOCUMENTATION_COMMENTS = YES;
				CLANG_WARN_EMPTY_BODY = YES;
				CLANG_WARN_ENUM_CONVERSION = YES;
				CLANG_WARN_INFINITE_RECURSION = YES;
				CLANG_WARN_INT_CONVERSION = YES;
				CLANG_WARN_NON_LITERAL_NULL_CONVERSION = YES;
				CLANG_WARN_OBJC_IMPLICIT_RETAIN_SELF = YES;
				CLANG_WARN_OBJC_LITERAL_CONVERSION = YES;
				CLANG_WARN_OBJC_ROOT_CLASS = YES_ERROR;
				CLANG_WARN_QUOTED_INCLUDE_IN_FRAMEWORK_HEADER = YES;
				CLANG_WARN_RANGE_LOOP_ANALYSIS = YES;
				CLANG_WARN_STRICT_PROTOTYPES = YES;
				CLANG_WARN_SUSPICIOUS_MOVE = YES;
				CLANG_WARN_UNGUARDED_AVAILABILITY = YES_AGGRESSIVE;
				CLANG_WARN_UNREACHABLE_CODE = YES;
				CLANG_WARN__DUPLICATE_METHOD_MATCH = YES;
				COPY_PHASE_STRIP = NO;
				DEBUG_INFORMATION_FORMAT = dwarf;
				ENABLE_STRICT_OBJC_MSGSEND = YES;
				ENABLE_TESTABILITY = YES;
				GCC_C_LANGUAGE_STANDARD = gnu11;
				GCC_DYNAMIC_NO_PIC = NO;
				GCC_NO_COMMON_BLOCKS = YES;
				GCC_OPTIMIZATION_LEVEL = 0;
				GCC_PREPROCESSOR_DEFINITIONS = (
					"DEBUG=1",
					"$(inherited)",
				);
				GCC_WARN_64_TO_32_BIT_CONVERSION = YES;
				GCC_WARN_ABOUT_RETURN_TYPE = YES_ERROR;
				GCC_WARN_UNDECLARED_SELECTOR = YES;
				GCC_WARN_UNINITIALIZED_AUTOS = YES_AGGRESSIVE;
				GCC_WARN_UNUSED_FUNCTION = YES;
				GCC_WARN_UNUSED_VARIABLE = YES;
				IPHONEOS_DEPLOYMENT_TARGET = 16.2;
				MTL_ENABLE_DEBUG_INFO = INCLUDE_SOURCE;
				MTL_FAST_MATH = YES;
				ONLY_ACTIVE_ARCH = YES;
				SDKROOT = iphoneos;
				SWIFT_ACTIVE_COMPILATION_CONDITIONS = DEBUG;
				SWIFT_OPTIMIZATION_LEVEL = "-Onone";
			};
			name = Debug;
		};
		B0D2CAA62A56DA71005F32A7 /* Release */ = {
			isa = XCBuildConfiguration;
			buildSettings = {
				ALWAYS_SEARCH_USER_PATHS = NO;
				CLANG_ANALYZER_NONNULL = YES;
				CLANG_ANALYZER_NUMBER_OBJECT_CONVERSION = YES_AGGRESSIVE;
				CLANG_CXX_LANGUAGE_STANDARD = "gnu++20";
				CLANG_ENABLE_MODULES = YES;
				CLANG_ENABLE_OBJC_ARC = YES;
				CLANG_ENABLE_OBJC_WEAK = YES;
				CLANG_WARN_BLOCK_CAPTURE_AUTORELEASING = YES;
				CLANG_WARN_BOOL_CONVERSION = YES;
				CLANG_WARN_COMMA = YES;
				CLANG_WARN_CONSTANT_CONVERSION = YES;
				CLANG_WARN_DEPRECATED_OBJC_IMPLEMENTATIONS = YES;
				CLANG_WARN_DIRECT_OBJC_ISA_USAGE = YES_ERROR;
				CLANG_WARN_DOCUMENTATION_COMMENTS = YES;
				CLANG_WARN_EMPTY_BODY = YES;
				CLANG_WARN_ENUM_CONVERSION = YES;
				CLANG_WARN_INFINITE_RECURSION = YES;
				CLANG_WARN_INT_CONVERSION = YES;
				CLANG_WARN_NON_LITERAL_NULL_CONVERSION = YES;
				CLANG_WARN_OBJC_IMPLICIT_RETAIN_SELF = YES;
				CLANG_WARN_OBJC_LITERAL_CONVERSION = YES;
				CLANG_WARN_OBJC_ROOT_CLASS = YES_ERROR;
				CLANG_WARN_QUOTED_INCLUDE_IN_FRAMEWORK_HEADER = YES;
				CLANG_WARN_RANGE_LOOP_ANALYSIS = YES;
				CLANG_WARN_STRICT_PROTOTYPES = YES;
				CLANG_WARN_SUSPICIOUS_MOVE = YES;
				CLANG_WARN_UNGUARDED_AVAILABILITY = YES_AGGRESSIVE;
				CLANG_WARN_UNREACHABLE_CODE = YES;
				CLANG_WARN__DUPLICATE_METHOD_MATCH = YES;
				COPY_PHASE_STRIP = NO;
				DEBUG_INFORMATION_FORMAT = "dwarf-with-dsym";
				ENABLE_NS_ASSERTIONS = NO;
				ENABLE_STRICT_OBJC_MSGSEND = YES;
				GCC_C_LANGUAGE_STANDARD = gnu11;
				GCC_NO_COMMON_BLOCKS = YES;
				GCC_WARN_64_TO_32_BIT_CONVERSION = YES;
				GCC_WARN_ABOUT_RETURN_TYPE = YES_ERROR;
				GCC_WARN_UNDECLARED_SELECTOR = YES;
				GCC_WARN_UNINITIALIZED_AUTOS = YES_AGGRESSIVE;
				GCC_WARN_UNUSED_FUNCTION = YES;
				GCC_WARN_UNUSED_VARIABLE = YES;
				IPHONEOS_DEPLOYMENT_TARGET = 16.2;
				MTL_ENABLE_DEBUG_INFO = NO;
				MTL_FAST_MATH = YES;
				SDKROOT = iphoneos;
				SWIFT_COMPILATION_MODE = wholemodule;
				SWIFT_OPTIMIZATION_LEVEL = "-O";
				VALIDATE_PRODUCT = YES;
			};
			name = Release;
		};
		B0D2CAA82A56DA71005F32A7 /* Debug */ = {
			isa = XCBuildConfiguration;
			buildSettings = {
				ASSETCATALOG_COMPILER_APPICON_NAME = AppIcon;
				ASSETCATALOG_COMPILER_GLOBAL_ACCENT_COLOR_NAME = AccentColor;
				CODE_SIGN_STYLE = Automatic;
				CURRENT_PROJECT_VERSION = 1;
				GENERATE_INFOPLIST_FILE = YES;
				INFOPLIST_FILE = "Image Recognizer/Info.plist";
				INFOPLIST_KEY_UIApplicationSupportsIndirectInputEvents = YES;
				INFOPLIST_KEY_UILaunchStoryboardName = LaunchScreen;
				INFOPLIST_KEY_UIMainStoryboardFile = Main;
				INFOPLIST_KEY_UISupportedInterfaceOrientations_iPad = "UIInterfaceOrientationPortrait UIInterfaceOrientationPortraitUpsideDown UIInterfaceOrientationLandscapeLeft UIInterfaceOrientationLandscapeRight";
				INFOPLIST_KEY_UISupportedInterfaceOrientations_iPhone = "UIInterfaceOrientationPortrait UIInterfaceOrientationLandscapeLeft UIInterfaceOrientationLandscapeRight";
				LD_RUNPATH_SEARCH_PATHS = (
					"$(inherited)",
					"@executable_path/Frameworks",
				);
				MARKETING_VERSION = 1.0;
				PRODUCT_BUNDLE_IDENTIFIER = "Ahmed-Khaled.Image-Recognizer";
				PRODUCT_NAME = "$(TARGET_NAME)";
				SWIFT_EMIT_LOC_STRINGS = YES;
				SWIFT_VERSION = 5.0;
				TARGETED_DEVICE_FAMILY = "1,2";
			};
			name = Debug;
		};
		B0D2CAA92A56DA71005F32A7 /* Release */ = {
			isa = XCBuildConfiguration;
			buildSettings = {
				ASSETCATALOG_COMPILER_APPICON_NAME = AppIcon;
				ASSETCATALOG_COMPILER_GLOBAL_ACCENT_COLOR_NAME = AccentColor;
				CODE_SIGN_STYLE = Automatic;
				CURRENT_PROJECT_VERSION = 1;
				GENERATE_INFOPLIST_FILE = YES;
				INFOPLIST_FILE = "Image Recognizer/Info.plist";
				INFOPLIST_KEY_UIApplicationSupportsIndirectInputEvents = YES;
				INFOPLIST_KEY_UILaunchStoryboardName = LaunchScreen;
				INFOPLIST_KEY_UIMainStoryboardFile = Main;
				INFOPLIST_KEY_UISupportedInterfaceOrientations_iPad = "UIInterfaceOrientationPortrait UIInterfaceOrientationPortraitUpsideDown UIInterfaceOrientationLandscapeLeft UIInterfaceOrientationLandscapeRight";
				INFOPLIST_KEY_UISupportedInterfaceOrientations_iPhone = "UIInterfaceOrientationPortrait UIInterfaceOrientationLandscapeLeft UIInterfaceOrientationLandscapeRight";
				LD_RUNPATH_SEARCH_PATHS = (
					"$(inherited)",
					"@executable_path/Frameworks",
				);
				MARKETING_VERSION = 1.0;
				PRODUCT_BUNDLE_IDENTIFIER = "Ahmed-Khaled.Image-Recognizer";
				PRODUCT_NAME = "$(TARGET_NAME)";
				SWIFT_EMIT_LOC_STRINGS = YES;
				SWIFT_VERSION = 5.0;
				TARGETED_DEVICE_FAMILY = "1,2";
			};
			name = Release;
		};
		B0D2CAAB2A56DA71005F32A7 /* Debug */ = {
			isa = XCBuildConfiguration;
			buildSettings = {
				ALWAYS_EMBED_SWIFT_STANDARD_LIBRARIES = YES;
				BUNDLE_LOADER = "$(TEST_HOST)";
				CODE_SIGN_STYLE = Automatic;
				CURRENT_PROJECT_VERSION = 1;
				GENERATE_INFOPLIST_FILE = YES;
				IPHONEOS_DEPLOYMENT_TARGET = 16.2;
				MARKETING_VERSION = 1.0;
				PRODUCT_BUNDLE_IDENTIFIER = "Ahmed-Khaled.Image-RecognizerTests";
				PRODUCT_NAME = "$(TARGET_NAME)";
				SWIFT_EMIT_LOC_STRINGS = NO;
				SWIFT_VERSION = 5.0;
				TARGETED_DEVICE_FAMILY = "1,2";
				TEST_HOST = "$(BUILT_PRODUCTS_DIR)/Image Recognizer.app/$(BUNDLE_EXECUTABLE_FOLDER_PATH)/Image Recognizer";
			};
			name = Debug;
		};
		B0D2CAAC2A56DA71005F32A7 /* Release */ = {
			isa = XCBuildConfiguration;
			buildSettings = {
				ALWAYS_EMBED_SWIFT_STANDARD_LIBRARIES = YES;
				BUNDLE_LOADER = "$(TEST_HOST)";
				CODE_SIGN_STYLE = Automatic;
				CURRENT_PROJECT_VERSION = 1;
				GENERATE_INFOPLIST_FILE = YES;
				IPHONEOS_DEPLOYMENT_TARGET = 16.2;
				MARKETING_VERSION = 1.0;
				PRODUCT_BUNDLE_IDENTIFIER = "Ahmed-Khaled.Image-RecognizerTests";
				PRODUCT_NAME = "$(TARGET_NAME)";
				SWIFT_EMIT_LOC_STRINGS = NO;
				SWIFT_VERSION = 5.0;
				TARGETED_DEVICE_FAMILY = "1,2";
				TEST_HOST = "$(BUILT_PRODUCTS_DIR)/Image Recognizer.app/$(BUNDLE_EXECUTABLE_FOLDER_PATH)/Image Recognizer";
			};
			name = Release;
		};
		B0D2CAAE2A56DA71005F32A7 /* Debug */ = {
			isa = XCBuildConfiguration;
			buildSettings = {
				ALWAYS_EMBED_SWIFT_STANDARD_LIBRARIES = YES;
				CODE_SIGN_STYLE = Automatic;
				CURRENT_PROJECT_VERSION = 1;
				GENERATE_INFOPLIST_FILE = YES;
				MARKETING_VERSION = 1.0;
				PRODUCT_BUNDLE_IDENTIFIER = "Ahmed-Khaled.Image-RecognizerUITests";
				PRODUCT_NAME = "$(TARGET_NAME)";
				SWIFT_EMIT_LOC_STRINGS = NO;
				SWIFT_VERSION = 5.0;
				TARGETED_DEVICE_FAMILY = "1,2";
				TEST_TARGET_NAME = "Image Recognizer";
			};
			name = Debug;
		};
		B0D2CAAF2A56DA71005F32A7 /* Release */ = {
			isa = XCBuildConfiguration;
			buildSettings = {
				ALWAYS_EMBED_SWIFT_STANDARD_LIBRARIES = YES;
				CODE_SIGN_STYLE = Automatic;
				CURRENT_PROJECT_VERSION = 1;
				GENERATE_INFOPLIST_FILE = YES;
				MARKETING_VERSION = 1.0;
				PRODUCT_BUNDLE_IDENTIFIER = "Ahmed-Khaled.Image-RecognizerUITests";
				PRODUCT_NAME = "$(TARGET_NAME)";
				SWIFT_EMIT_LOC_STRINGS = NO;
				SWIFT_VERSION = 5.0;
				TARGETED_DEVICE_FAMILY = "1,2";
				TEST_TARGET_NAME = "Image Recognizer";
			};
			name = Release;
		};
/* End XCBuildConfiguration section */

/* Begin XCConfigurationList section */
		B0D2CA782A56DA70005F32A7 /* Build configuration list for PBXProject "Image Recognizer" */ = {
			isa = XCConfigurationList;
			buildConfigurations = (
				B0D2CAA52A56DA71005F32A7 /* Debug */,
				B0D2CAA62A56DA71005F32A7 /* Release */,
			);
			defaultConfigurationIsVisible = 0;
			defaultConfigurationName = Release;
		};
		B0D2CAA72A56DA71005F32A7 /* Build configuration list for PBXNativeTarget "Image Recognizer" */ = {
			isa = XCConfigurationList;
			buildConfigurations = (
				B0D2CAA82A56DA71005F32A7 /* Debug */,
				B0D2CAA92A56DA71005F32A7 /* Release */,
			);
			defaultConfigurationIsVisible = 0;
			defaultConfigurationName = Release;
		};
		B0D2CAAA2A56DA71005F32A7 /* Build configuration list for PBXNativeTarget "Image RecognizerTests" */ = {
			isa = XCConfigurationList;
			buildConfigurations = (
				B0D2CAAB2A56DA71005F32A7 /* Debug */,
				B0D2CAAC2A56DA71005F32A7 /* Release */,
			);
			defaultConfigurationIsVisible = 0;
			defaultConfigurationName = Release;
		};
		B0D2CAAD2A56DA71005F32A7 /* Build configuration list for PBXNativeTarget "Image RecognizerUITests" */ = {
			isa = XCConfigurationList;
			buildConfigurations = (
				B0D2CAAE2A56DA71005F32A7 /* Debug */,
				B0D2CAAF2A56DA71005F32A7 /* Release */,
			);
			defaultConfigurationIsVisible = 0;
			defaultConfigurationName = Release;
		};
/* End XCConfigurationList section */
	};
	rootObject = B0D2CA752A56DA70005F32A7 /* Project object */;
}
